
Microsoft Visual Studio Solution File, Format Version 12.00
# Visual Studio 14
VisualStudioVersion = 14.0.23107.0
MinimumVisualStudioVersion = 10.0.40219.1
Project("{FAE04EC0-301F-11D3-BF4B-00C04F79EFBC}") = "WilberWeb", "WilberWeb\WilberWeb.csproj", "{CCF45AE3-57DE-4C61-BA68-0F5CDA31FFBB}"
EndProject
Project("{FAE04EC0-301F-11D3-BF4B-00C04F79EFBC}") = "WilberDAL", "WilberDAL\WilberDAL.csproj", "{A1940C8E-EE0F-4FBE-B803-E295EB5E6D0F}"
EndProject
Project("{FAE04EC0-301F-11D3-BF4B-00C04F79EFBC}") = "WilberModels", "WilberModels\WilberModels.csproj", "{244B09C7-9AE1-4F01-BF0D-FBF827734D31}"
EndProject
Project("{FAE04EC0-301F-11D3-BF4B-00C04F79EFBC}") = "WilberServices", "WilberServices\WilberServices.csproj", "{384625F8-6A16-401C-BA2B-F095CBF15A9A}"
EndProject
Global
	GlobalSection(SolutionConfigurationPlatforms) = preSolution
		Debug|Any CPU = Debug|Any CPU
		Release|Any CPU = Release|Any CPU
	EndGlobalSection
	GlobalSection(ProjectConfigurationPlatforms) = postSolution
		{CCF45AE3-57DE-4C61-BA68-0F5CDA31FFBB}.Debug|Any CPU.ActiveCfg = Debug|Any CPU
		{CCF45AE3-57DE-4C61-BA68-0F5CDA31FFBB}.Debug|Any CPU.Build.0 = Debug|Any CPU
		{CCF45AE3-57DE-4C61-BA68-0F5CDA31FFBB}.Release|Any CPU.ActiveCfg = Release|Any CPU
		{CCF45AE3-57DE-4C61-BA68-0F5CDA31FFBB}.Release|Any CPU.Build.0 = Release|Any CPU
		{A1940C8E-EE0F-4FBE-B803-E295EB5E6D0F}.Debug|Any CPU.ActiveCfg = Debug|Any CPU
		{A1940C8E-EE0F-4FBE-B803-E295EB5E6D0F}.Debug|Any CPU.Build.0 = Debug|Any CPU
		{A1940C8E-EE0F-4FBE-B803-E295EB5E6D0F}.Release|Any CPU.ActiveCfg = Release|Any CPU
		{A1940C8E-EE0F-4FBE-B803-E295EB5E6D0F}.Release|Any CPU.Build.0 = Release|Any CPU
		{244B09C7-9AE1-4F01-BF0D-FBF827734D31}.Debug|Any CPU.ActiveCfg = Debug|Any CPU
		{244B09C7-9AE1-4F01-BF0D-FBF827734D31}.Debug|Any CPU.Build.0 = Debug|Any CPU
		{244B09C7-9AE1-4F01-BF0D-FBF827734D31}.Release|Any CPU.ActiveCfg = Release|Any CPU
		{244B09C7-9AE1-4F01-BF0D-FBF827734D31}.Release|Any CPU.Build.0 = Release|Any CPU
		{384625F8-6A16-401C-BA2B-F095CBF15A9A}.Debug|Any CPU.ActiveCfg = Debug|Any CPU
		{384625F8-6A16-401C-BA2B-F095CBF15A9A}.Debug|Any CPU.Build.0 = Debug|Any CPU
		{384625F8-6A16-401C-BA2B-F095CBF15A9A}.Release|Any CPU.ActiveCfg = Release|Any CPU
		{384625F8-6A16-401C-BA2B-F095CBF15A9A}.Release|Any CPU.Build.0 = Release|Any CPU
	EndGlobalSection
	GlobalSection(SolutionProperties) = preSolution
		HideSolutionNode = FALSE
	EndGlobalSection
EndGlobal
